
Microsoft Visual Studio Solution File, Format Version 12.00
# Visual Studio 15
VisualStudioVersion = 15.0.28307.438
MinimumVisualStudioVersion = 10.0.40219.1
Project("{9A19103F-16F7-4668-BE54-9A1E7A4F7556}") = "gameClockTestLambda", "gameClockTestLambda\gameClockTestLambda.csproj", "{751EAE1C-0DAC-4036-AD9C-1BF1CE7CB9CD}"
EndProject
Global
	GlobalSection(SolutionConfigurationPlatforms) = preSolution
		Debug|Any CPU = Debug|Any CPU
		Release|Any CPU = Release|Any CPU
	EndGlobalSection
	GlobalSection(ProjectConfigurationPlatforms) = postSolution
		{751EAE1C-0DAC-4036-AD9C-1BF1CE7CB9CD}.Debug|Any CPU.ActiveCfg = Debug|Any CPU
		{751EAE1C-0DAC-4036-AD9C-1BF1CE7CB9CD}.Debug|Any CPU.Build.0 = Debug|Any CPU
		{751EAE1C-0DAC-4036-AD9C-1BF1CE7CB9CD}.Release|Any CPU.ActiveCfg = Release|Any CPU
		{751EAE1C-0DAC-4036-AD9C-1BF1CE7CB9CD}.Release|Any CPU.Build.0 = Release|Any CPU
	EndGlobalSection
	GlobalSection(SolutionProperties) = preSolution
		HideSolutionNode = FALSE
	EndGlobalSection
	GlobalSection(ExtensibilityGlobals) = postSolution
		SolutionGuid = {2A8334CE-74F6-4F58-82CC-5C8587664FE3}
	EndGlobalSection
EndGlobal
